
Microsoft Visual Studio Solution File, Format Version 12.00
# Visual Studio 14
VisualStudioVersion = 14.0.25123.0
MinimumVisualStudioVersion = 10.0.40219.1
Project("{2150E333-8FDC-42A3-9474-1A3956D46DE8}") = "src", "src", "{D142E695-F768-4126-9410-88D4D5B3CC36}"
EndProject
Project("{2150E333-8FDC-42A3-9474-1A3956D46DE8}") = "test", "test", "{E423F48F-4641-455F-A22F-74CEBEAFD9D7}"
EndProject
Project("{2150E333-8FDC-42A3-9474-1A3956D46DE8}") = "example", "example", "{07C60A2E-3EB4-428F-91DB-C4F024DB2223}"
EndProject
Project("{FAE04EC0-301F-11D3-BF4B-00C04F79EFBC}") = "BinaryTree", "src\BinaryTree\BinaryTree.csproj", "{EB2A9A94-AFBC-40CB-AA19-B38112916ADF}"
EndProject
Project("{FAE04EC0-301F-11D3-BF4B-00C04F79EFBC}") = "BinaryTreeTests", "test\BinaryTreeTests\BinaryTreeTests.csproj", "{2D8F1BFD-57A7-47A1-8252-6C24C1B1878A}"
EndProject
Project("{FAE04EC0-301F-11D3-BF4B-00C04F79EFBC}") = "BinaryTreeWordSorter", "example\BinaryTreeWordSorter\BinaryTreeWordSorter.csproj", "{4D117F88-CE33-4A74-8D2C-3E8401C6BF6C}"
EndProject
Project("{FAE04EC0-301F-11D3-BF4B-00C04F79EFBC}") = "HashTable", "src\HashTable\HashTable.csproj", "{48234127-DF15-4107-B2D5-265C516C1905}"
EndProject
Project("{FAE04EC0-301F-11D3-BF4B-00C04F79EFBC}") = "HashTableTests", "test\HashTableTests\HashTableTests.csproj", "{AF99AC4F-F4CF-4DDA-9896-B31F601A63ED}"
EndProject
Project("{FAE04EC0-301F-11D3-BF4B-00C04F79EFBC}") = "StringHashingSamples", "example\StringHashingSamples\StringHashingSamples.csproj", "{F27FB4AE-04F9-447F-BD5D-40B80653AFBF}"
EndProject
Project("{FAE04EC0-301F-11D3-BF4B-00C04F79EFBC}") = "WordCount", "example\WordCount\WordCount.csproj", "{81693FEF-28C3-4A59-A465-7476FB553892}"
EndProject
Project("{FAE04EC0-301F-11D3-BF4B-00C04F79EFBC}") = "DoublyLinkedList", "src\DoublyLinkedList\DoublyLinkedList.csproj", "{DA7F9F47-B813-4099-94E0-1F0843194302}"
EndProject
Project("{FAE04EC0-301F-11D3-BF4B-00C04F79EFBC}") = "LinkedList", "src\LinkedList\LinkedList.csproj", "{4D47603C-6AC4-4D95-B1A6-1E6BE7DC7341}"
EndProject
Project("{FAE04EC0-301F-11D3-BF4B-00C04F79EFBC}") = "NetFxLinkedList", "example\NetFxLinkedList\NetFxLinkedList.csproj", "{7116E38E-EA05-4A5C-8F7E-3326B9F3E4E0}"
EndProject
Project("{FAE04EC0-301F-11D3-BF4B-00C04F79EFBC}") = "NodeChains", "example\NodeChains\NodeChains.csproj", "{88A30C63-9AD0-4330-9803-B55BB448D95A}"
EndProject
Project("{FAE04EC0-301F-11D3-BF4B-00C04F79EFBC}") = "LinkedList.Tests", "test\LinkedList.Tests\LinkedList.Tests.csproj", "{2EEBB9D0-3B12-4443-BCAD-DE8980FCE546}"
EndProject
Project("{FAE04EC0-301F-11D3-BF4B-00C04F79EFBC}") = "Stack.List", "src\Stack\Stack.List.csproj", "{C61D529C-AF26-441B-A375-9CE89E56FB65}"
EndProject
Project("{FAE04EC0-301F-11D3-BF4B-00C04F79EFBC}") = "Stack.Array", "src\Stack.Array\Stack.Array.csproj", "{F56BE7D6-F607-4A76-BF13-6D078CD1A5B2}"
EndProject
Project("{FAE04EC0-301F-11D3-BF4B-00C04F79EFBC}") = "Calculator", "example\Calculator\Calculator.csproj", "{C1AF64F9-0D0C-4A21-A5B2-FB52EE98C25D}"
EndProject
Project("{FAE04EC0-301F-11D3-BF4B-00C04F79EFBC}") = "Stack.Tests", "test\Stack.Tests\Stack.Tests.csproj", "{4FE3B420-7E63-4C2F-91B4-1536AA42A74F}"
EndProject
Project("{FAE04EC0-301F-11D3-BF4B-00C04F79EFBC}") = "WpfStackDemo", "example\WpfStackDemo\WpfStackDemo.csproj", "{94DE9000-A735-4BC5-883C-9CA89922EF2D}"
EndProject
Project("{FAE04EC0-301F-11D3-BF4B-00C04F79EFBC}") = "Queue.Array", "src\Queue.Array\Queue.Array.csproj", "{26488139-95EA-424E-8A71-34D4A3C3E2C2}"
EndProject
Project("{FAE04EC0-301F-11D3-BF4B-00C04F79EFBC}") = "Queue.List", "src\Queue.List\Queue.List.csproj", "{26B5C959-8A9A-41DD-9A10-18F68FDEEA6C}"
EndProject
Project("{FAE04EC0-301F-11D3-BF4B-00C04F79EFBC}") = "PriorityQueue", "src\PriorityQueue\PriorityQueue.csproj", "{1EC0A6CB-2255-4451-A320-D06964CBF8EA}"
EndProject
Project("{FAE04EC0-301F-11D3-BF4B-00C04F79EFBC}") = "Queue.Tests", "test\Queue.Tests\Queue.Tests.csproj", "{80578362-8E39-4C0B-8926-992686201F00}"
EndProject
Project("{FAE04EC0-301F-11D3-BF4B-00C04F79EFBC}") = "Wpf.VisualQueue", "example\Wpf.MessageQueue\Wpf.VisualQueue.csproj", "{7A88AD3F-EBA6-416E-AFC3-5B0F144D1B66}"
EndProject
Project("{FAE04EC0-301F-11D3-BF4B-00C04F79EFBC}") = "Wpf.PriorityVisualQueue", "example\Wpf.PriorityMessageQueue\Wpf.PriorityVisualQueue.csproj", "{642C811F-9A11-4042-96FA-8B1CFD5A271A}"
EndProject
Project("{2150E333-8FDC-42A3-9474-1A3956D46DE8}") = "Concurrent", "Concurrent", "{357D4C05-E4E5-4DE5-9ED8-B512836206DF}"
EndProject
Project("{FAE04EC0-301F-11D3-BF4B-00C04F79EFBC}") = "Queue.Common", "src\Concurrent\Queue.Common\Queue.Common.csproj", "{E6346BA0-87B3-440B-A590-54DEB9215FD1}"
EndProject
Project("{FAE04EC0-301F-11D3-BF4B-00C04F79EFBC}") = "Queue.Single", "src\Concurrent\Queue.Single\Queue.Single.csproj", "{47C1CC18-AE32-4533-8E37-AE19F41B0B66}"
EndProject
Project("{FAE04EC0-301F-11D3-BF4B-00C04F79EFBC}") = "Queue.ReadWriteLock", "src\Concurrent\Queue.ReadWriteLock\Queue.ReadWriteLock.csproj", "{8ABD47F6-4F60-478A-8978-0B2E11F41A55}"
EndProject
Project("{FAE04EC0-301F-11D3-BF4B-00C04F79EFBC}") = "Queue.Locking", "src\Concurrent\Queue.Locking\Queue.Locking.csproj", "{6F77BBD9-28A8-419E-9275-F0E2C75DE125}"
EndProject
Project("{FAE04EC0-301F-11D3-BF4B-00C04F79EFBC}") = "Queue.Client", "src\Concurrent\Queue.Client\Queue.Client.csproj", "{E8622999-2D2A-442C-8AE9-288B6D74069E}"
EndProject
Project("{FAE04EC0-301F-11D3-BF4B-00C04F79EFBC}") = "Queue.Client.Locking", "src\Concurrent\Queue.Client.Locking\Queue.Client.Locking.csproj", "{D2D991D1-C41B-4321-A8B2-996E1C5E9738}"
EndProject
Global
	GlobalSection(SolutionConfigurationPlatforms) = preSolution
		Debug|Any CPU = Debug|Any CPU
		Debug|x86 = Debug|x86
		Release|Any CPU = Release|Any CPU
		Release|x86 = Release|x86
	EndGlobalSection
	GlobalSection(ProjectConfigurationPlatforms) = postSolution
		{EB2A9A94-AFBC-40CB-AA19-B38112916ADF}.Debug|Any CPU.ActiveCfg = Debug|Any CPU
		{EB2A9A94-AFBC-40CB-AA19-B38112916ADF}.Debug|Any CPU.Build.0 = Debug|Any CPU
		{EB2A9A94-AFBC-40CB-AA19-B38112916ADF}.Debug|x86.ActiveCfg = Debug|Any CPU
		{EB2A9A94-AFBC-40CB-AA19-B38112916ADF}.Debug|x86.Build.0 = Debug|Any CPU
		{EB2A9A94-AFBC-40CB-AA19-B38112916ADF}.Release|Any CPU.ActiveCfg = Release|Any CPU
		{EB2A9A94-AFBC-40CB-AA19-B38112916ADF}.Release|Any CPU.Build.0 = Release|Any CPU
		{EB2A9A94-AFBC-40CB-AA19-B38112916ADF}.Release|x86.ActiveCfg = Release|Any CPU
		{EB2A9A94-AFBC-40CB-AA19-B38112916ADF}.Release|x86.Build.0 = Release|Any CPU
		{2D8F1BFD-57A7-47A1-8252-6C24C1B1878A}.Debug|Any CPU.ActiveCfg = Debug|Any CPU
		{2D8F1BFD-57A7-47A1-8252-6C24C1B1878A}.Debug|Any CPU.Build.0 = Debug|Any CPU
		{2D8F1BFD-57A7-47A1-8252-6C24C1B1878A}.Debug|x86.ActiveCfg = Debug|Any CPU
		{2D8F1BFD-57A7-47A1-8252-6C24C1B1878A}.Debug|x86.Build.0 = Debug|Any CPU
		{2D8F1BFD-57A7-47A1-8252-6C24C1B1878A}.Release|Any CPU.ActiveCfg = Release|Any CPU
		{2D8F1BFD-57A7-47A1-8252-6C24C1B1878A}.Release|Any CPU.Build.0 = Release|Any CPU
		{2D8F1BFD-57A7-47A1-8252-6C24C1B1878A}.Release|x86.ActiveCfg = Release|Any CPU
		{2D8F1BFD-57A7-47A1-8252-6C24C1B1878A}.Release|x86.Build.0 = Release|Any CPU
		{4D117F88-CE33-4A74-8D2C-3E8401C6BF6C}.Debug|Any CPU.ActiveCfg = Debug|x86
		{4D117F88-CE33-4A74-8D2C-3E8401C6BF6C}.Debug|x86.ActiveCfg = Debug|x86
		{4D117F88-CE33-4A74-8D2C-3E8401C6BF6C}.Debug|x86.Build.0 = Debug|x86
		{4D117F88-CE33-4A74-8D2C-3E8401C6BF6C}.Release|Any CPU.ActiveCfg = Release|x86
		{4D117F88-CE33-4A74-8D2C-3E8401C6BF6C}.Release|x86.ActiveCfg = Release|x86
		{4D117F88-CE33-4A74-8D2C-3E8401C6BF6C}.Release|x86.Build.0 = Release|x86
		{48234127-DF15-4107-B2D5-265C516C1905}.Debug|Any CPU.ActiveCfg = Debug|Any CPU
		{48234127-DF15-4107-B2D5-265C516C1905}.Debug|Any CPU.Build.0 = Debug|Any CPU
		{48234127-DF15-4107-B2D5-265C516C1905}.Debug|x86.ActiveCfg = Debug|Any CPU
		{48234127-DF15-4107-B2D5-265C516C1905}.Debug|x86.Build.0 = Debug|Any CPU
		{48234127-DF15-4107-B2D5-265C516C1905}.Release|Any CPU.ActiveCfg = Release|Any CPU
		{48234127-DF15-4107-B2D5-265C516C1905}.Release|Any CPU.Build.0 = Release|Any CPU
		{48234127-DF15-4107-B2D5-265C516C1905}.Release|x86.ActiveCfg = Release|Any CPU
		{48234127-DF15-4107-B2D5-265C516C1905}.Release|x86.Build.0 = Release|Any CPU
		{AF99AC4F-F4CF-4DDA-9896-B31F601A63ED}.Debug|Any CPU.ActiveCfg = Debug|Any CPU
		{AF99AC4F-F4CF-4DDA-9896-B31F601A63ED}.Debug|Any CPU.Build.0 = Debug|Any CPU
		{AF99AC4F-F4CF-4DDA-9896-B31F601A63ED}.Debug|x86.ActiveCfg = Debug|Any CPU
		{AF99AC4F-F4CF-4DDA-9896-B31F601A63ED}.Debug|x86.Build.0 = Debug|Any CPU
		{AF99AC4F-F4CF-4DDA-9896-B31F601A63ED}.Release|Any CPU.ActiveCfg = Release|Any CPU
		{AF99AC4F-F4CF-4DDA-9896-B31F601A63ED}.Release|Any CPU.Build.0 = Release|Any CPU
		{AF99AC4F-F4CF-4DDA-9896-B31F601A63ED}.Release|x86.ActiveCfg = Release|Any CPU
		{AF99AC4F-F4CF-4DDA-9896-B31F601A63ED}.Release|x86.Build.0 = Release|Any CPU
		{F27FB4AE-04F9-447F-BD5D-40B80653AFBF}.Debug|Any CPU.ActiveCfg = Debug|x86
		{F27FB4AE-04F9-447F-BD5D-40B80653AFBF}.Debug|x86.ActiveCfg = Debug|x86
		{F27FB4AE-04F9-447F-BD5D-40B80653AFBF}.Debug|x86.Build.0 = Debug|x86
		{F27FB4AE-04F9-447F-BD5D-40B80653AFBF}.Release|Any CPU.ActiveCfg = Release|x86
		{F27FB4AE-04F9-447F-BD5D-40B80653AFBF}.Release|x86.ActiveCfg = Release|x86
		{F27FB4AE-04F9-447F-BD5D-40B80653AFBF}.Release|x86.Build.0 = Release|x86
		{81693FEF-28C3-4A59-A465-7476FB553892}.Debug|Any CPU.ActiveCfg = Debug|x86
		{81693FEF-28C3-4A59-A465-7476FB553892}.Debug|x86.ActiveCfg = Debug|x86
		{81693FEF-28C3-4A59-A465-7476FB553892}.Debug|x86.Build.0 = Debug|x86
		{81693FEF-28C3-4A59-A465-7476FB553892}.Release|Any CPU.ActiveCfg = Release|x86
		{81693FEF-28C3-4A59-A465-7476FB553892}.Release|x86.ActiveCfg = Release|x86
		{81693FEF-28C3-4A59-A465-7476FB553892}.Release|x86.Build.0 = Release|x86
		{DA7F9F47-B813-4099-94E0-1F0843194302}.Debug|Any CPU.ActiveCfg = Debug|Any CPU
		{DA7F9F47-B813-4099-94E0-1F0843194302}.Debug|Any CPU.Build.0 = Debug|Any CPU
		{DA7F9F47-B813-4099-94E0-1F0843194302}.Debug|x86.ActiveCfg = Debug|Any CPU
		{DA7F9F47-B813-4099-94E0-1F0843194302}.Debug|x86.Build.0 = Debug|Any CPU
		{DA7F9F47-B813-4099-94E0-1F0843194302}.Release|Any CPU.ActiveCfg = Release|Any CPU
		{DA7F9F47-B813-4099-94E0-1F0843194302}.Release|Any CPU.Build.0 = Release|Any CPU
		{DA7F9F47-B813-4099-94E0-1F0843194302}.Release|x86.ActiveCfg = Release|Any CPU
		{DA7F9F47-B813-4099-94E0-1F0843194302}.Release|x86.Build.0 = Release|Any CPU
		{4D47603C-6AC4-4D95-B1A6-1E6BE7DC7341}.Debug|Any CPU.ActiveCfg = Debug|Any CPU
		{4D47603C-6AC4-4D95-B1A6-1E6BE7DC7341}.Debug|Any CPU.Build.0 = Debug|Any CPU
		{4D47603C-6AC4-4D95-B1A6-1E6BE7DC7341}.Debug|x86.ActiveCfg = Debug|Any CPU
		{4D47603C-6AC4-4D95-B1A6-1E6BE7DC7341}.Debug|x86.Build.0 = Debug|Any CPU
		{4D47603C-6AC4-4D95-B1A6-1E6BE7DC7341}.Release|Any CPU.ActiveCfg = Release|Any CPU
		{4D47603C-6AC4-4D95-B1A6-1E6BE7DC7341}.Release|Any CPU.Build.0 = Release|Any CPU
		{4D47603C-6AC4-4D95-B1A6-1E6BE7DC7341}.Release|x86.ActiveCfg = Release|Any CPU
		{4D47603C-6AC4-4D95-B1A6-1E6BE7DC7341}.Release|x86.Build.0 = Release|Any CPU
		{7116E38E-EA05-4A5C-8F7E-3326B9F3E4E0}.Debug|Any CPU.ActiveCfg = Debug|x86
		{7116E38E-EA05-4A5C-8F7E-3326B9F3E4E0}.Debug|x86.ActiveCfg = Debug|x86
		{7116E38E-EA05-4A5C-8F7E-3326B9F3E4E0}.Debug|x86.Build.0 = Debug|x86
		{7116E38E-EA05-4A5C-8F7E-3326B9F3E4E0}.Release|Any CPU.ActiveCfg = Release|x86
		{7116E38E-EA05-4A5C-8F7E-3326B9F3E4E0}.Release|x86.ActiveCfg = Release|x86
		{7116E38E-EA05-4A5C-8F7E-3326B9F3E4E0}.Release|x86.Build.0 = Release|x86
		{88A30C63-9AD0-4330-9803-B55BB448D95A}.Debug|Any CPU.ActiveCfg = Debug|x86
		{88A30C63-9AD0-4330-9803-B55BB448D95A}.Debug|x86.ActiveCfg = Debug|x86
		{88A30C63-9AD0-4330-9803-B55BB448D95A}.Debug|x86.Build.0 = Debug|x86
		{88A30C63-9AD0-4330-9803-B55BB448D95A}.Release|Any CPU.ActiveCfg = Release|x86
		{88A30C63-9AD0-4330-9803-B55BB448D95A}.Release|x86.ActiveCfg = Release|x86
		{88A30C63-9AD0-4330-9803-B55BB448D95A}.Release|x86.Build.0 = Release|x86
		{2EEBB9D0-3B12-4443-BCAD-DE8980FCE546}.Debug|Any CPU.ActiveCfg = Debug|Any CPU
		{2EEBB9D0-3B12-4443-BCAD-DE8980FCE546}.Debug|Any CPU.Build.0 = Debug|Any CPU
		{2EEBB9D0-3B12-4443-BCAD-DE8980FCE546}.Debug|x86.ActiveCfg = Debug|Any CPU
		{2EEBB9D0-3B12-4443-BCAD-DE8980FCE546}.Debug|x86.Build.0 = Debug|Any CPU
		{2EEBB9D0-3B12-4443-BCAD-DE8980FCE546}.Release|Any CPU.ActiveCfg = Release|Any CPU
		{2EEBB9D0-3B12-4443-BCAD-DE8980FCE546}.Release|Any CPU.Build.0 = Release|Any CPU
		{2EEBB9D0-3B12-4443-BCAD-DE8980FCE546}.Release|x86.ActiveCfg = Release|Any CPU
		{2EEBB9D0-3B12-4443-BCAD-DE8980FCE546}.Release|x86.Build.0 = Release|Any CPU
		{C61D529C-AF26-441B-A375-9CE89E56FB65}.Debug|Any CPU.ActiveCfg = Debug|Any CPU
		{C61D529C-AF26-441B-A375-9CE89E56FB65}.Debug|Any CPU.Build.0 = Debug|Any CPU
		{C61D529C-AF26-441B-A375-9CE89E56FB65}.Debug|x86.ActiveCfg = Debug|Any CPU
		{C61D529C-AF26-441B-A375-9CE89E56FB65}.Debug|x86.Build.0 = Debug|Any CPU
		{C61D529C-AF26-441B-A375-9CE89E56FB65}.Release|Any CPU.ActiveCfg = Release|Any CPU
		{C61D529C-AF26-441B-A375-9CE89E56FB65}.Release|Any CPU.Build.0 = Release|Any CPU
		{C61D529C-AF26-441B-A375-9CE89E56FB65}.Release|x86.ActiveCfg = Release|Any CPU
		{C61D529C-AF26-441B-A375-9CE89E56FB65}.Release|x86.Build.0 = Release|Any CPU
		{F56BE7D6-F607-4A76-BF13-6D078CD1A5B2}.Debug|Any CPU.ActiveCfg = Debug|Any CPU
		{F56BE7D6-F607-4A76-BF13-6D078CD1A5B2}.Debug|Any CPU.Build.0 = Debug|Any CPU
		{F56BE7D6-F607-4A76-BF13-6D078CD1A5B2}.Debug|x86.ActiveCfg = Debug|Any CPU
		{F56BE7D6-F607-4A76-BF13-6D078CD1A5B2}.Debug|x86.Build.0 = Debug|Any CPU
		{F56BE7D6-F607-4A76-BF13-6D078CD1A5B2}.Release|Any CPU.ActiveCfg = Release|Any CPU
		{F56BE7D6-F607-4A76-BF13-6D078CD1A5B2}.Release|Any CPU.Build.0 = Release|Any CPU
		{F56BE7D6-F607-4A76-BF13-6D078CD1A5B2}.Release|x86.ActiveCfg = Release|Any CPU
		{F56BE7D6-F607-4A76-BF13-6D078CD1A5B2}.Release|x86.Build.0 = Release|Any CPU
		{C1AF64F9-0D0C-4A21-A5B2-FB52EE98C25D}.Debug|Any CPU.ActiveCfg = Debug|x86
		{C1AF64F9-0D0C-4A21-A5B2-FB52EE98C25D}.Debug|x86.ActiveCfg = Debug|x86
		{C1AF64F9-0D0C-4A21-A5B2-FB52EE98C25D}.Debug|x86.Build.0 = Debug|x86
		{C1AF64F9-0D0C-4A21-A5B2-FB52EE98C25D}.Release|Any CPU.ActiveCfg = Release|x86
		{C1AF64F9-0D0C-4A21-A5B2-FB52EE98C25D}.Release|x86.ActiveCfg = Release|x86
		{C1AF64F9-0D0C-4A21-A5B2-FB52EE98C25D}.Release|x86.Build.0 = Release|x86
		{4FE3B420-7E63-4C2F-91B4-1536AA42A74F}.Debug|Any CPU.ActiveCfg = Debug|Any CPU
		{4FE3B420-7E63-4C2F-91B4-1536AA42A74F}.Debug|Any CPU.Build.0 = Debug|Any CPU
		{4FE3B420-7E63-4C2F-91B4-1536AA42A74F}.Debug|x86.ActiveCfg = Debug|Any CPU
		{4FE3B420-7E63-4C2F-91B4-1536AA42A74F}.Debug|x86.Build.0 = Debug|Any CPU
		{4FE3B420-7E63-4C2F-91B4-1536AA42A74F}.Release|Any CPU.ActiveCfg = Release|Any CPU
		{4FE3B420-7E63-4C2F-91B4-1536AA42A74F}.Release|Any CPU.Build.0 = Release|Any CPU
		{4FE3B420-7E63-4C2F-91B4-1536AA42A74F}.Release|x86.ActiveCfg = Release|Any CPU
		{4FE3B420-7E63-4C2F-91B4-1536AA42A74F}.Release|x86.Build.0 = Release|Any CPU
		{94DE9000-A735-4BC5-883C-9CA89922EF2D}.Debug|Any CPU.ActiveCfg = Debug|x86
		{94DE9000-A735-4BC5-883C-9CA89922EF2D}.Debug|x86.ActiveCfg = Debug|x86
		{94DE9000-A735-4BC5-883C-9CA89922EF2D}.Debug|x86.Build.0 = Debug|x86
		{94DE9000-A735-4BC5-883C-9CA89922EF2D}.Release|Any CPU.ActiveCfg = Release|x86
		{94DE9000-A735-4BC5-883C-9CA89922EF2D}.Release|x86.ActiveCfg = Release|x86
		{94DE9000-A735-4BC5-883C-9CA89922EF2D}.Release|x86.Build.0 = Release|x86
		{26488139-95EA-424E-8A71-34D4A3C3E2C2}.Debug|Any CPU.ActiveCfg = Debug|Any CPU
		{26488139-95EA-424E-8A71-34D4A3C3E2C2}.Debug|Any CPU.Build.0 = Debug|Any CPU
		{26488139-95EA-424E-8A71-34D4A3C3E2C2}.Debug|x86.ActiveCfg = Debug|Any CPU
		{26488139-95EA-424E-8A71-34D4A3C3E2C2}.Debug|x86.Build.0 = Debug|Any CPU
		{26488139-95EA-424E-8A71-34D4A3C3E2C2}.Release|Any CPU.ActiveCfg = Release|Any CPU
		{26488139-95EA-424E-8A71-34D4A3C3E2C2}.Release|Any CPU.Build.0 = Release|Any CPU
		{26488139-95EA-424E-8A71-34D4A3C3E2C2}.Release|x86.ActiveCfg = Release|Any CPU
		{26488139-95EA-424E-8A71-34D4A3C3E2C2}.Release|x86.Build.0 = Release|Any CPU
		{26B5C959-8A9A-41DD-9A10-18F68FDEEA6C}.Debug|Any CPU.ActiveCfg = Debug|Any CPU
		{26B5C959-8A9A-41DD-9A10-18F68FDEEA6C}.Debug|Any CPU.Build.0 = Debug|Any CPU
		{26B5C959-8A9A-41DD-9A10-18F68FDEEA6C}.Debug|x86.ActiveCfg = Debug|Any CPU
		{26B5C959-8A9A-41DD-9A10-18F68FDEEA6C}.Debug|x86.Build.0 = Debug|Any CPU
		{26B5C959-8A9A-41DD-9A10-18F68FDEEA6C}.Release|Any CPU.ActiveCfg = Release|Any CPU
		{26B5C959-8A9A-41DD-9A10-18F68FDEEA6C}.Release|Any CPU.Build.0 = Release|Any CPU
		{26B5C959-8A9A-41DD-9A10-18F68FDEEA6C}.Release|x86.ActiveCfg = Release|Any CPU
		{26B5C959-8A9A-41DD-9A10-18F68FDEEA6C}.Release|x86.Build.0 = Release|Any CPU
		{1EC0A6CB-2255-4451-A320-D06964CBF8EA}.Debug|Any CPU.ActiveCfg = Debug|Any CPU
		{1EC0A6CB-2255-4451-A320-D06964CBF8EA}.Debug|Any CPU.Build.0 = Debug|Any CPU
		{1EC0A6CB-2255-4451-A320-D06964CBF8EA}.Debug|x86.ActiveCfg = Debug|Any CPU
		{1EC0A6CB-2255-4451-A320-D06964CBF8EA}.Debug|x86.Build.0 = Debug|Any CPU
		{1EC0A6CB-2255-4451-A320-D06964CBF8EA}.Release|Any CPU.ActiveCfg = Release|Any CPU
		{1EC0A6CB-2255-4451-A320-D06964CBF8EA}.Release|Any CPU.Build.0 = Release|Any CPU
		{1EC0A6CB-2255-4451-A320-D06964CBF8EA}.Release|x86.ActiveCfg = Release|Any CPU
		{1EC0A6CB-2255-4451-A320-D06964CBF8EA}.Release|x86.Build.0 = Release|Any CPU
		{80578362-8E39-4C0B-8926-992686201F00}.Debug|Any CPU.ActiveCfg = Debug|Any CPU
		{80578362-8E39-4C0B-8926-992686201F00}.Debug|Any CPU.Build.0 = Debug|Any CPU
		{80578362-8E39-4C0B-8926-992686201F00}.Debug|x86.ActiveCfg = Debug|Any CPU
		{80578362-8E39-4C0B-8926-992686201F00}.Debug|x86.Build.0 = Debug|Any CPU
		{80578362-8E39-4C0B-8926-992686201F00}.Release|Any CPU.ActiveCfg = Release|Any CPU
		{80578362-8E39-4C0B-8926-992686201F00}.Release|Any CPU.Build.0 = Release|Any CPU
		{80578362-8E39-4C0B-8926-992686201F00}.Release|x86.ActiveCfg = Release|Any CPU
		{80578362-8E39-4C0B-8926-992686201F00}.Release|x86.Build.0 = Release|Any CPU
		{7A88AD3F-EBA6-416E-AFC3-5B0F144D1B66}.Debug|Any CPU.ActiveCfg = Debug|x86
		{7A88AD3F-EBA6-416E-AFC3-5B0F144D1B66}.Debug|x86.ActiveCfg = Debug|x86
		{7A88AD3F-EBA6-416E-AFC3-5B0F144D1B66}.Debug|x86.Build.0 = Debug|x86
		{7A88AD3F-EBA6-416E-AFC3-5B0F144D1B66}.Release|Any CPU.ActiveCfg = Release|x86
		{7A88AD3F-EBA6-416E-AFC3-5B0F144D1B66}.Release|x86.ActiveCfg = Release|x86
		{7A88AD3F-EBA6-416E-AFC3-5B0F144D1B66}.Release|x86.Build.0 = Release|x86
		{642C811F-9A11-4042-96FA-8B1CFD5A271A}.Debug|Any CPU.ActiveCfg = Debug|x86
		{642C811F-9A11-4042-96FA-8B1CFD5A271A}.Debug|x86.ActiveCfg = Debug|x86
		{642C811F-9A11-4042-96FA-8B1CFD5A271A}.Debug|x86.Build.0 = Debug|x86
		{642C811F-9A11-4042-96FA-8B1CFD5A271A}.Release|Any CPU.ActiveCfg = Release|x86
		{642C811F-9A11-4042-96FA-8B1CFD5A271A}.Release|x86.ActiveCfg = Release|x86
		{642C811F-9A11-4042-96FA-8B1CFD5A271A}.Release|x86.Build.0 = Release|x86
		{E6346BA0-87B3-440B-A590-54DEB9215FD1}.Debug|Any CPU.ActiveCfg = Debug|Any CPU
		{E6346BA0-87B3-440B-A590-54DEB9215FD1}.Debug|Any CPU.Build.0 = Debug|Any CPU
		{E6346BA0-87B3-440B-A590-54DEB9215FD1}.Debug|x86.ActiveCfg = Debug|Any CPU
		{E6346BA0-87B3-440B-A590-54DEB9215FD1}.Debug|x86.Build.0 = Debug|Any CPU
		{E6346BA0-87B3-440B-A590-54DEB9215FD1}.Release|Any CPU.ActiveCfg = Release|Any CPU
		{E6346BA0-87B3-440B-A590-54DEB9215FD1}.Release|Any CPU.Build.0 = Release|Any CPU
		{E6346BA0-87B3-440B-A590-54DEB9215FD1}.Release|x86.ActiveCfg = Release|Any CPU
		{E6346BA0-87B3-440B-A590-54DEB9215FD1}.Release|x86.Build.0 = Release|Any CPU
		{47C1CC18-AE32-4533-8E37-AE19F41B0B66}.Debug|Any CPU.ActiveCfg = Debug|Any CPU
		{47C1CC18-AE32-4533-8E37-AE19F41B0B66}.Debug|Any CPU.Build.0 = Debug|Any CPU
		{47C1CC18-AE32-4533-8E37-AE19F41B0B66}.Debug|x86.ActiveCfg = Debug|Any CPU
		{47C1CC18-AE32-4533-8E37-AE19F41B0B66}.Debug|x86.Build.0 = Debug|Any CPU
		{47C1CC18-AE32-4533-8E37-AE19F41B0B66}.Release|Any CPU.ActiveCfg = Release|Any CPU
		{47C1CC18-AE32-4533-8E37-AE19F41B0B66}.Release|Any CPU.Build.0 = Release|Any CPU
		{47C1CC18-AE32-4533-8E37-AE19F41B0B66}.Release|x86.ActiveCfg = Release|Any CPU
		{47C1CC18-AE32-4533-8E37-AE19F41B0B66}.Release|x86.Build.0 = Release|Any CPU
		{8ABD47F6-4F60-478A-8978-0B2E11F41A55}.Debug|Any CPU.ActiveCfg = Debug|Any CPU
		{8ABD47F6-4F60-478A-8978-0B2E11F41A55}.Debug|Any CPU.Build.0 = Debug|Any CPU
		{8ABD47F6-4F60-478A-8978-0B2E11F41A55}.Debug|x86.ActiveCfg = Debug|Any CPU
		{8ABD47F6-4F60-478A-8978-0B2E11F41A55}.Debug|x86.Build.0 = Debug|Any CPU
		{8ABD47F6-4F60-478A-8978-0B2E11F41A55}.Release|Any CPU.ActiveCfg = Release|Any CPU
		{8ABD47F6-4F60-478A-8978-0B2E11F41A55}.Release|Any CPU.Build.0 = Release|Any CPU
		{8ABD47F6-4F60-478A-8978-0B2E11F41A55}.Release|x86.ActiveCfg = Release|Any CPU
		{8ABD47F6-4F60-478A-8978-0B2E11F41A55}.Release|x86.Build.0 = Release|Any CPU
		{6F77BBD9-28A8-419E-9275-F0E2C75DE125}.Debug|Any CPU.ActiveCfg = Debug|Any CPU
		{6F77BBD9-28A8-419E-9275-F0E2C75DE125}.Debug|Any CPU.Build.0 = Debug|Any CPU
		{6F77BBD9-28A8-419E-9275-F0E2C75DE125}.Debug|x86.ActiveCfg = Debug|Any CPU
		{6F77BBD9-28A8-419E-9275-F0E2C75DE125}.Debug|x86.Build.0 = Debug|Any CPU
		{6F77BBD9-28A8-419E-9275-F0E2C75DE125}.Release|Any CPU.ActiveCfg = Release|Any CPU
		{6F77BBD9-28A8-419E-9275-F0E2C75DE125}.Release|Any CPU.Build.0 = Release|Any CPU
		{6F77BBD9-28A8-419E-9275-F0E2C75DE125}.Release|x86.ActiveCfg = Release|Any CPU
		{6F77BBD9-28A8-419E-9275-F0E2C75DE125}.Release|x86.Build.0 = Release|Any CPU
		{E8622999-2D2A-442C-8AE9-288B6D74069E}.Debug|Any CPU.ActiveCfg = Debug|Any CPU
		{E8622999-2D2A-442C-8AE9-288B6D74069E}.Debug|Any CPU.Build.0 = Debug|Any CPU
		{E8622999-2D2A-442C-8AE9-288B6D74069E}.Debug|x86.ActiveCfg = Debug|Any CPU
		{E8622999-2D2A-442C-8AE9-288B6D74069E}.Debug|x86.Build.0 = Debug|Any CPU
		{E8622999-2D2A-442C-8AE9-288B6D74069E}.Release|Any CPU.ActiveCfg = Release|Any CPU
		{E8622999-2D2A-442C-8AE9-288B6D74069E}.Release|Any CPU.Build.0 = Release|Any CPU
		{E8622999-2D2A-442C-8AE9-288B6D74069E}.Release|x86.ActiveCfg = Release|Any CPU
		{E8622999-2D2A-442C-8AE9-288B6D74069E}.Release|x86.Build.0 = Release|Any CPU
		{D2D991D1-C41B-4321-A8B2-996E1C5E9738}.Debug|Any CPU.ActiveCfg = Debug|Any CPU
		{D2D991D1-C41B-4321-A8B2-996E1C5E9738}.Debug|Any CPU.Build.0 = Debug|Any CPU
		{D2D991D1-C41B-4321-A8B2-996E1C5E9738}.Debug|x86.ActiveCfg = Debug|Any CPU
		{D2D991D1-C41B-4321-A8B2-996E1C5E9738}.Debug|x86.Build.0 = Debug|Any CPU
		{D2D991D1-C41B-4321-A8B2-996E1C5E9738}.Release|Any CPU.ActiveCfg = Release|Any CPU
		{D2D991D1-C41B-4321-A8B2-996E1C5E9738}.Release|Any CPU.Build.0 = Release|Any CPU
		{D2D991D1-C41B-4321-A8B2-996E1C5E9738}.Release|x86.ActiveCfg = Release|Any CPU
		{D2D991D1-C41B-4321-A8B2-996E1C5E9738}.Release|x86.Build.0 = Release|Any CPU
	EndGlobalSection
	GlobalSection(SolutionProperties) = preSolution
		HideSolutionNode = FALSE
	EndGlobalSection
	GlobalSection(NestedProjects) = preSolution
		{EB2A9A94-AFBC-40CB-AA19-B38112916ADF} = {D142E695-F768-4126-9410-88D4D5B3CC36}
		{2D8F1BFD-57A7-47A1-8252-6C24C1B1878A} = {E423F48F-4641-455F-A22F-74CEBEAFD9D7}
		{4D117F88-CE33-4A74-8D2C-3E8401C6BF6C} = {07C60A2E-3EB4-428F-91DB-C4F024DB2223}
		{48234127-DF15-4107-B2D5-265C516C1905} = {D142E695-F768-4126-9410-88D4D5B3CC36}
		{AF99AC4F-F4CF-4DDA-9896-B31F601A63ED} = {E423F48F-4641-455F-A22F-74CEBEAFD9D7}
		{F27FB4AE-04F9-447F-BD5D-40B80653AFBF} = {07C60A2E-3EB4-428F-91DB-C4F024DB2223}
		{81693FEF-28C3-4A59-A465-7476FB553892} = {07C60A2E-3EB4-428F-91DB-C4F024DB2223}
		{DA7F9F47-B813-4099-94E0-1F0843194302} = {D142E695-F768-4126-9410-88D4D5B3CC36}
		{4D47603C-6AC4-4D95-B1A6-1E6BE7DC7341} = {D142E695-F768-4126-9410-88D4D5B3CC36}
		{7116E38E-EA05-4A5C-8F7E-3326B9F3E4E0} = {07C60A2E-3EB4-428F-91DB-C4F024DB2223}
		{88A30C63-9AD0-4330-9803-B55BB448D95A} = {07C60A2E-3EB4-428F-91DB-C4F024DB2223}
		{2EEBB9D0-3B12-4443-BCAD-DE8980FCE546} = {E423F48F-4641-455F-A22F-74CEBEAFD9D7}
		{C61D529C-AF26-441B-A375-9CE89E56FB65} = {D142E695-F768-4126-9410-88D4D5B3CC36}
		{F56BE7D6-F607-4A76-BF13-6D078CD1A5B2} = {D142E695-F768-4126-9410-88D4D5B3CC36}
		{C1AF64F9-0D0C-4A21-A5B2-FB52EE98C25D} = {07C60A2E-3EB4-428F-91DB-C4F024DB2223}
		{4FE3B420-7E63-4C2F-91B4-1536AA42A74F} = {E423F48F-4641-455F-A22F-74CEBEAFD9D7}
		{94DE9000-A735-4BC5-883C-9CA89922EF2D} = {07C60A2E-3EB4-428F-91DB-C4F024DB2223}
		{26488139-95EA-424E-8A71-34D4A3C3E2C2} = {D142E695-F768-4126-9410-88D4D5B3CC36}
		{26B5C959-8A9A-41DD-9A10-18F68FDEEA6C} = {D142E695-F768-4126-9410-88D4D5B3CC36}
		{1EC0A6CB-2255-4451-A320-D06964CBF8EA} = {D142E695-F768-4126-9410-88D4D5B3CC36}
		{80578362-8E39-4C0B-8926-992686201F00} = {E423F48F-4641-455F-A22F-74CEBEAFD9D7}
		{7A88AD3F-EBA6-416E-AFC3-5B0F144D1B66} = {07C60A2E-3EB4-428F-91DB-C4F024DB2223}
		{642C811F-9A11-4042-96FA-8B1CFD5A271A} = {07C60A2E-3EB4-428F-91DB-C4F024DB2223}
		{357D4C05-E4E5-4DE5-9ED8-B512836206DF} = {D142E695-F768-4126-9410-88D4D5B3CC36}
		{E6346BA0-87B3-440B-A590-54DEB9215FD1} = {357D4C05-E4E5-4DE5-9ED8-B512836206DF}
		{47C1CC18-AE32-4533-8E37-AE19F41B0B66} = {357D4C05-E4E5-4DE5-9ED8-B512836206DF}
		{8ABD47F6-4F60-478A-8978-0B2E11F41A55} = {357D4C05-E4E5-4DE5-9ED8-B512836206DF}
		{6F77BBD9-28A8-419E-9275-F0E2C75DE125} = {357D4C05-E4E5-4DE5-9ED8-B512836206DF}
		{E8622999-2D2A-442C-8AE9-288B6D74069E} = {357D4C05-E4E5-4DE5-9ED8-B512836206DF}
		{D2D991D1-C41B-4321-A8B2-996E1C5E9738} = {357D4C05-E4E5-4DE5-9ED8-B512836206DF}
	EndGlobalSection
EndGlobal
